
Microsoft Visual Studio Solution File, Format Version 12.00
# Visual Studio Version 16
VisualStudioVersion = 16.0.31005.135
MinimumVisualStudioVersion = 10.0.40219.1
Project("{FAE04EC0-301F-11D3-BF4B-00C04F79EFBC}") = "API ASPNET TVTime", "API ASPNET TVTime\API ASPNET TVTime.csproj", "{5C5C01B0-A5CC-47CB-8EFC-7A9DF5B1B3B9}"
EndProject
Global
	GlobalSection(SolutionConfigurationPlatforms) = preSolution
		Debug|Any CPU = Debug|Any CPU
		Release|Any CPU = Release|Any CPU
	EndGlobalSection
	GlobalSection(ProjectConfigurationPlatforms) = postSolution
		{5C5C01B0-A5CC-47CB-8EFC-7A9DF5B1B3B9}.Debug|Any CPU.ActiveCfg = Debug|Any CPU
		{5C5C01B0-A5CC-47CB-8EFC-7A9DF5B1B3B9}.Debug|Any CPU.Build.0 = Debug|Any CPU
		{5C5C01B0-A5CC-47CB-8EFC-7A9DF5B1B3B9}.Release|Any CPU.ActiveCfg = Release|Any CPU
		{5C5C01B0-A5CC-47CB-8EFC-7A9DF5B1B3B9}.Release|Any CPU.Build.0 = Release|Any CPU
	EndGlobalSection
	GlobalSection(SolutionProperties) = preSolution
		HideSolutionNode = FALSE
	EndGlobalSection
	GlobalSection(ExtensibilityGlobals) = postSolution
		SolutionGuid = {363A84C6-DCD7-4E72-82D2-8D46840D325B}
	EndGlobalSection
EndGlobal
